// !$*UTF8*$!
{
	archiveVersion = 1;
	classes = {
	};
	objectVersion = 55;
	objects = {

/* Begin PBXBuildFile section */
		534C15FA2785B5D000A24E74 /* AppDelegate.swift in Sources */ = {isa = PBXBuildFile; fileRef = 534C15F92785B5D000A24E74 /* AppDelegate.swift */; };
		534C15FC2785B5D000A24E74 /* SceneDelegate.swift in Sources */ = {isa = PBXBuildFile; fileRef = 534C15FB2785B5D000A24E74 /* SceneDelegate.swift */; };
		534C15FE2785B5D000A24E74 /* ViewController.swift in Sources */ = {isa = PBXBuildFile; fileRef = 534C15FD2785B5D000A24E74 /* ViewController.swift */; };
		534C16012785B5D000A24E74 /* Main.storyboard in Resources */ = {isa = PBXBuildFile; fileRef = 534C15FF2785B5D000A24E74 /* Main.storyboard */; };
		534C16032785B5D100A24E74 /* Assets.xcassets in Resources */ = {isa = PBXBuildFile; fileRef = 534C16022785B5D100A24E74 /* Assets.xcassets */; };
		534C16062785B5D100A24E74 /* LaunchScreen.storyboard in Resources */ = {isa = PBXBuildFile; fileRef = 534C16042785B5D100A24E74 /* LaunchScreen.storyboard */; };
		5374FBD02799517200EAE423 /* FriendsListTableViewController.swift in Sources */ = {isa = PBXBuildFile; fileRef = 5374FBCF2799517200EAE423 /* FriendsListTableViewController.swift */; };
		5374FBD3279959D500EAE423 /* FriendsListTableViewCell.swift in Sources */ = {isa = PBXBuildFile; fileRef = 5374FBD1279959D500EAE423 /* FriendsListTableViewCell.swift */; };
		5374FBD4279959D500EAE423 /* FriendsListTableViewCell.xib in Resources */ = {isa = PBXBuildFile; fileRef = 5374FBD2279959D500EAE423 /* FriendsListTableViewCell.xib */; };
		5374FBD727995BBB00EAE423 /* FriendsListCellModel.swift in Sources */ = {isa = PBXBuildFile; fileRef = 5374FBD627995BBB00EAE423 /* FriendsListCellModel.swift */; };
		5374FBDA2799AB3800EAE423 /* CommunitiesListTableViewController.swift in Sources */ = {isa = PBXBuildFile; fileRef = 5374FBD92799AB3800EAE423 /* CommunitiesListTableViewController.swift */; };
		5374FBE1279AC01200EAE423 /* CommunitiesListTableViewCell.swift in Sources */ = {isa = PBXBuildFile; fileRef = 5374FBDF279AC01200EAE423 /* CommunitiesListTableViewCell.swift */; };
		5374FBE2279AC01200EAE423 /* CommunitiesListTableViewCell.xib in Resources */ = {isa = PBXBuildFile; fileRef = 5374FBE0279AC01200EAE423 /* CommunitiesListTableViewCell.xib */; };
		5374FBE4279AC06400EAE423 /* CommunitiesListModel.swift in Sources */ = {isa = PBXBuildFile; fileRef = 5374FBE3279AC06400EAE423 /* CommunitiesListModel.swift */; };
		5374FBEA279AF09300EAE423 /* PhotosGaleryCollectionViewController.swift in Sources */ = {isa = PBXBuildFile; fileRef = 5374FBE9279AF09300EAE423 /* PhotosGaleryCollectionViewController.swift */; };
		5374FBED279B3DEC00EAE423 /* PhotosGaleryCollectionViewCell.swift in Sources */ = {isa = PBXBuildFile; fileRef = 5374FBEB279B3DEC00EAE423 /* PhotosGaleryCollectionViewCell.swift */; };
		5374FBEE279B3DEC00EAE423 /* PhotosGaleryCollectionViewCell.xib in Resources */ = {isa = PBXBuildFile; fileRef = 5374FBEC279B3DEC00EAE423 /* PhotosGaleryCollectionViewCell.xib */; };
		5374FBF0279B3E5A00EAE423 /* PhotosGaleryCollectionModel.swift in Sources */ = {isa = PBXBuildFile; fileRef = 5374FBEF279B3E5A00EAE423 /* PhotosGaleryCollectionModel.swift */; };
		537CE1CF279E8DAC00E70D1B /* AllCommunitiesViewController.swift in Sources */ = {isa = PBXBuildFile; fileRef = 537CE1CE279E8DAC00E70D1B /* AllCommunitiesViewController.swift */; };
		537CE1D1279EAE7B00E70D1B /* Constants.swift in Sources */ = {isa = PBXBuildFile; fileRef = 537CE1D0279EAE7B00E70D1B /* Constants.swift */; };
		537CE1DA27A0343D00E70D1B /* LikeCounterView.swift in Sources */ = {isa = PBXBuildFile; fileRef = 537CE1D927A0343D00E70D1B /* LikeCounterView.swift */; };
		537CE1DC27A0344F00E70D1B /* LikeCounterView.xib in Resources */ = {isa = PBXBuildFile; fileRef = 537CE1DB27A0344F00E70D1B /* LikeCounterView.xib */; };
		537CE1DE27A2C0BF00E70D1B /* LoginViewController.swift in Sources */ = {isa = PBXBuildFile; fileRef = 537CE1DD27A2C0BF00E70D1B /* LoginViewController.swift */; };
		537CE1E027A3C01A00E70D1B /* ShadowView.swift in Sources */ = {isa = PBXBuildFile; fileRef = 537CE1DF27A3C01A00E70D1B /* ShadowView.swift */; };
		537CE1E227AB24DC00E70D1B /* NewsViewController.swift in Sources */ = {isa = PBXBuildFile; fileRef = 537CE1E127AB24DC00E70D1B /* NewsViewController.swift */; };
		537CE1E627AB27C200E70D1B /* NewsTableViewCell.swift in Sources */ = {isa = PBXBuildFile; fileRef = 537CE1E427AB27C200E70D1B /* NewsTableViewCell.swift */; };
		537CE1E727AB27C200E70D1B /* NewsTableViewCell.xib in Resources */ = {isa = PBXBuildFile; fileRef = 537CE1E527AB27C200E70D1B /* NewsTableViewCell.xib */; };
		537CE1E927ABE9BD00E70D1B /* NewsModel.swift in Sources */ = {isa = PBXBuildFile; fileRef = 537CE1E827ABE9BC00E70D1B /* NewsModel.swift */; };
		537CE1EB27AC6F6800E70D1B /* LikeControl.swift in Sources */ = {isa = PBXBuildFile; fileRef = 537CE1EA27AC6F6800E70D1B /* LikeControl.swift */; };
		53E28A3F2785BD10009AE51E /* ImageVkLogoInitial.swift in Sources */ = {isa = PBXBuildFile; fileRef = 53E28A3E2785BD10009AE51E /* ImageVkLogoInitial.swift */; };
/* End PBXBuildFile section */

/* Begin PBXFileReference section */
		534C15F62785B5D000A24E74 /* FirstApp.app */ = {isa = PBXFileReference; explicitFileType = wrapper.application; includeInIndex = 0; path = FirstApp.app; sourceTree = BUILT_PRODUCTS_DIR; };
		534C15F92785B5D000A24E74 /* AppDelegate.swift */ = {isa = PBXFileReference; lastKnownFileType = sourcecode.swift; path = AppDelegate.swift; sourceTree = "<group>"; };
		534C15FB2785B5D000A24E74 /* SceneDelegate.swift */ = {isa = PBXFileReference; lastKnownFileType = sourcecode.swift; path = SceneDelegate.swift; sourceTree = "<group>"; };
		534C15FD2785B5D000A24E74 /* ViewController.swift */ = {isa = PBXFileReference; lastKnownFileType = sourcecode.swift; path = ViewController.swift; sourceTree = "<group>"; };
		534C16002785B5D000A24E74 /* Base */ = {isa = PBXFileReference; lastKnownFileType = file.storyboard; name = Base; path = Base.lproj/Main.storyboard; sourceTree = "<group>"; };
		534C16022785B5D100A24E74 /* Assets.xcassets */ = {isa = PBXFileReference; lastKnownFileType = folder.assetcatalog; path = Assets.xcassets; sourceTree = "<group>"; };
		534C16052785B5D100A24E74 /* Base */ = {isa = PBXFileReference; lastKnownFileType = file.storyboard; name = Base; path = Base.lproj/LaunchScreen.storyboard; sourceTree = "<group>"; };
		534C16072785B5D100A24E74 /* Info.plist */ = {isa = PBXFileReference; lastKnownFileType = text.plist.xml; path = Info.plist; sourceTree = "<group>"; };
		5374FBCF2799517200EAE423 /* FriendsListTableViewController.swift */ = {isa = PBXFileReference; lastKnownFileType = sourcecode.swift; path = FriendsListTableViewController.swift; sourceTree = "<group>"; };
		5374FBD1279959D500EAE423 /* FriendsListTableViewCell.swift */ = {isa = PBXFileReference; lastKnownFileType = sourcecode.swift; path = FriendsListTableViewCell.swift; sourceTree = "<group>"; };
		5374FBD2279959D500EAE423 /* FriendsListTableViewCell.xib */ = {isa = PBXFileReference; lastKnownFileType = file.xib; path = FriendsListTableViewCell.xib; sourceTree = "<group>"; };
		5374FBD627995BBB00EAE423 /* FriendsListCellModel.swift */ = {isa = PBXFileReference; lastKnownFileType = sourcecode.swift; path = FriendsListCellModel.swift; sourceTree = "<group>"; };
		5374FBD92799AB3800EAE423 /* CommunitiesListTableViewController.swift */ = {isa = PBXFileReference; lastKnownFileType = sourcecode.swift; path = CommunitiesListTableViewController.swift; sourceTree = "<group>"; };
		5374FBDF279AC01200EAE423 /* CommunitiesListTableViewCell.swift */ = {isa = PBXFileReference; lastKnownFileType = sourcecode.swift; path = CommunitiesListTableViewCell.swift; sourceTree = "<group>"; };
		5374FBE0279AC01200EAE423 /* CommunitiesListTableViewCell.xib */ = {isa = PBXFileReference; lastKnownFileType = file.xib; path = CommunitiesListTableViewCell.xib; sourceTree = "<group>"; };
		5374FBE3279AC06400EAE423 /* CommunitiesListModel.swift */ = {isa = PBXFileReference; lastKnownFileType = sourcecode.swift; path = CommunitiesListModel.swift; sourceTree = "<group>"; };
		5374FBE9279AF09300EAE423 /* PhotosGaleryCollectionViewController.swift */ = {isa = PBXFileReference; lastKnownFileType = sourcecode.swift; path = PhotosGaleryCollectionViewController.swift; sourceTree = "<group>"; };
		5374FBEB279B3DEC00EAE423 /* PhotosGaleryCollectionViewCell.swift */ = {isa = PBXFileReference; lastKnownFileType = sourcecode.swift; path = PhotosGaleryCollectionViewCell.swift; sourceTree = "<group>"; };
		5374FBEC279B3DEC00EAE423 /* PhotosGaleryCollectionViewCell.xib */ = {isa = PBXFileReference; lastKnownFileType = file.xib; path = PhotosGaleryCollectionViewCell.xib; sourceTree = "<group>"; };
		5374FBEF279B3E5A00EAE423 /* PhotosGaleryCollectionModel.swift */ = {isa = PBXFileReference; lastKnownFileType = sourcecode.swift; path = PhotosGaleryCollectionModel.swift; sourceTree = "<group>"; };
		537CE1CE279E8DAC00E70D1B /* AllCommunitiesViewController.swift */ = {isa = PBXFileReference; lastKnownFileType = sourcecode.swift; path = AllCommunitiesViewController.swift; sourceTree = "<group>"; };
		537CE1D0279EAE7B00E70D1B /* Constants.swift */ = {isa = PBXFileReference; lastKnownFileType = sourcecode.swift; path = Constants.swift; sourceTree = "<group>"; };
		537CE1D927A0343D00E70D1B /* LikeCounterView.swift */ = {isa = PBXFileReference; lastKnownFileType = sourcecode.swift; path = LikeCounterView.swift; sourceTree = "<group>"; };
		537CE1DB27A0344F00E70D1B /* LikeCounterView.xib */ = {isa = PBXFileReference; lastKnownFileType = file.xib; path = LikeCounterView.xib; sourceTree = "<group>"; };
		537CE1DD27A2C0BF00E70D1B /* LoginViewController.swift */ = {isa = PBXFileReference; lastKnownFileType = sourcecode.swift; path = LoginViewController.swift; sourceTree = "<group>"; };
		537CE1DF27A3C01A00E70D1B /* ShadowView.swift */ = {isa = PBXFileReference; lastKnownFileType = sourcecode.swift; path = ShadowView.swift; sourceTree = "<group>"; };
		537CE1E127AB24DC00E70D1B /* NewsViewController.swift */ = {isa = PBXFileReference; lastKnownFileType = sourcecode.swift; path = NewsViewController.swift; sourceTree = "<group>"; };
		537CE1E427AB27C200E70D1B /* NewsTableViewCell.swift */ = {isa = PBXFileReference; lastKnownFileType = sourcecode.swift; path = NewsTableViewCell.swift; sourceTree = "<group>"; };
		537CE1E527AB27C200E70D1B /* NewsTableViewCell.xib */ = {isa = PBXFileReference; lastKnownFileType = file.xib; path = NewsTableViewCell.xib; sourceTree = "<group>"; };
		537CE1E827ABE9BC00E70D1B /* NewsModel.swift */ = {isa = PBXFileReference; lastKnownFileType = sourcecode.swift; path = NewsModel.swift; sourceTree = "<group>"; };
		537CE1EA27AC6F6800E70D1B /* LikeControl.swift */ = {isa = PBXFileReference; lastKnownFileType = sourcecode.swift; path = LikeControl.swift; sourceTree = "<group>"; };
		53E28A3E2785BD10009AE51E /* ImageVkLogoInitial.swift */ = {isa = PBXFileReference; lastKnownFileType = sourcecode.swift; path = ImageVkLogoInitial.swift; sourceTree = "<group>"; };
/* End PBXFileReference section */

/* Begin PBXFrameworksBuildPhase section */
		534C15F32785B5D000A24E74 /* Frameworks */ = {
			isa = PBXFrameworksBuildPhase;
			buildActionMask = 2147483647;
			files = (
			);
			runOnlyForDeploymentPostprocessing = 0;
		};
/* End PBXFrameworksBuildPhase section */

/* Begin PBXGroup section */
		534C15ED2785B5D000A24E74 = {
			isa = PBXGroup;
			children = (
				534C15F82785B5D000A24E74 /* FirstApp */,
				534C15F72785B5D000A24E74 /* Products */,
			);
			sourceTree = "<group>";
		};
		534C15F72785B5D000A24E74 /* Products */ = {
			isa = PBXGroup;
			children = (
				534C15F62785B5D000A24E74 /* FirstApp.app */,
			);
			name = Products;
			sourceTree = "<group>";
		};
		534C15F82785B5D000A24E74 /* FirstApp */ = {
			isa = PBXGroup;
			children = (
				537CE1D0279EAE7B00E70D1B /* Constants.swift */,
				537CE1E327AB279200E70D1B /* News */,
				537CE1D827A0341F00E70D1B /* Like */,
				5374FBE6279AEFEB00EAE423 /* Model */,
				5374FBE5279AEFA700EAE423 /* PhotosGalery */,
				5374FBDB279ABB1A00EAE423 /* CommunitiesList */,
				5374FBD827997D3800EAE423 /* FriendsList */,
				534C15F92785B5D000A24E74 /* AppDelegate.swift */,
				534C15FB2785B5D000A24E74 /* SceneDelegate.swift */,
				534C15FD2785B5D000A24E74 /* ViewController.swift */,
				534C15FF2785B5D000A24E74 /* Main.storyboard */,
				537CE1DD27A2C0BF00E70D1B /* LoginViewController.swift */,
				53E28A3E2785BD10009AE51E /* ImageVkLogoInitial.swift */,
				537CE1DF27A3C01A00E70D1B /* ShadowView.swift */,
				534C16022785B5D100A24E74 /* Assets.xcassets */,
				534C16042785B5D100A24E74 /* LaunchScreen.storyboard */,
				534C16072785B5D100A24E74 /* Info.plist */,
			);
			path = FirstApp;
			sourceTree = "<group>";
		};
		5374FBCB2799482700EAE423 /* ViewController */ = {
			isa = PBXGroup;
			children = (
				5374FBCF2799517200EAE423 /* FriendsListTableViewController.swift */,
			);
			path = ViewController;
			sourceTree = "<group>";
		};
		5374FBCE2799511F00EAE423 /* Cell */ = {
			isa = PBXGroup;
			children = (
				5374FBD1279959D500EAE423 /* FriendsListTableViewCell.swift */,
				5374FBD2279959D500EAE423 /* FriendsListTableViewCell.xib */,
			);
			path = Cell;
			sourceTree = "<group>";
		};
		5374FBD827997D3800EAE423 /* FriendsList */ = {
			isa = PBXGroup;
			children = (
				5374FBCB2799482700EAE423 /* ViewController */,
				5374FBCE2799511F00EAE423 /* Cell */,
			);
			path = FriendsList;
			sourceTree = "<group>";
		};
		5374FBDB279ABB1A00EAE423 /* CommunitiesList */ = {
			isa = PBXGroup;
			children = (
				5374FBDD279ABF9900EAE423 /* ViewController */,
				5374FBDE279ABFA400EAE423 /* Cell */,
			);
			path = CommunitiesList;
			sourceTree = "<group>";
		};
		5374FBDD279ABF9900EAE423 /* ViewController */ = {
			isa = PBXGroup;
			children = (
				5374FBD92799AB3800EAE423 /* CommunitiesListTableViewController.swift */,
				537CE1CE279E8DAC00E70D1B /* AllCommunitiesViewController.swift */,
			);
			path = ViewController;
			sourceTree = "<group>";
		};
		5374FBDE279ABFA400EAE423 /* Cell */ = {
			isa = PBXGroup;
			children = (
				5374FBDF279AC01200EAE423 /* CommunitiesListTableViewCell.swift */,
				5374FBE0279AC01200EAE423 /* CommunitiesListTableViewCell.xib */,
			);
			path = Cell;
			sourceTree = "<group>";
		};
		5374FBE5279AEFA700EAE423 /* PhotosGalery */ = {
			isa = PBXGroup;
			children = (
				5374FBE7279AEFF400EAE423 /* ViewController */,
				5374FBE8279AF00200EAE423 /* Cell */,
			);
			path = PhotosGalery;
			sourceTree = "<group>";
		};
		5374FBE6279AEFEB00EAE423 /* Model */ = {
			isa = PBXGroup;
			children = (
				5374FBD627995BBB00EAE423 /* FriendsListCellModel.swift */,
				5374FBE3279AC06400EAE423 /* CommunitiesListModel.swift */,
				5374FBEF279B3E5A00EAE423 /* PhotosGaleryCollectionModel.swift */,
				537CE1E827ABE9BC00E70D1B /* NewsModel.swift */,
			);
			path = Model;
			sourceTree = "<group>";
		};
		5374FBE7279AEFF400EAE423 /* ViewController */ = {
			isa = PBXGroup;
			children = (
				5374FBE9279AF09300EAE423 /* PhotosGaleryCollectionViewController.swift */,
			);
			path = ViewController;
			sourceTree = "<group>";
		};
		5374FBE8279AF00200EAE423 /* Cell */ = {
			isa = PBXGroup;
			children = (
				5374FBEB279B3DEC00EAE423 /* PhotosGaleryCollectionViewCell.swift */,
				5374FBEC279B3DEC00EAE423 /* PhotosGaleryCollectionViewCell.xib */,
			);
			path = Cell;
			sourceTree = "<group>";
		};
		537CE1D827A0341F00E70D1B /* Like */ = {
			isa = PBXGroup;
			children = (
				537CE1D927A0343D00E70D1B /* LikeCounterView.swift */,
				537CE1DB27A0344F00E70D1B /* LikeCounterView.xib */,
				537CE1EA27AC6F6800E70D1B /* LikeControl.swift */,
			);
			path = Like;
			sourceTree = "<group>";
		};
		537CE1E327AB279200E70D1B /* News */ = {
			isa = PBXGroup;
			children = (
				537CE1E127AB24DC00E70D1B /* NewsViewController.swift */,
				537CE1E427AB27C200E70D1B /* NewsTableViewCell.swift */,
				537CE1E527AB27C200E70D1B /* NewsTableViewCell.xib */,
			);
			path = News;
			sourceTree = "<group>";
		};
/* End PBXGroup section */

/* Begin PBXNativeTarget section */
		534C15F52785B5D000A24E74 /* FirstApp */ = {
			isa = PBXNativeTarget;
			buildConfigurationList = 534C160A2785B5D100A24E74 /* Build configuration list for PBXNativeTarget "FirstApp" */;
			buildPhases = (
				534C15F22785B5D000A24E74 /* Sources */,
				534C15F32785B5D000A24E74 /* Frameworks */,
				534C15F42785B5D000A24E74 /* Resources */,
			);
			buildRules = (
			);
			dependencies = (
			);
			name = FirstApp;
			productName = FirstApp;
			productReference = 534C15F62785B5D000A24E74 /* FirstApp.app */;
			productType = "com.apple.product-type.application";
		};
/* End PBXNativeTarget section */

/* Begin PBXProject section */
		534C15EE2785B5D000A24E74 /* Project object */ = {
			isa = PBXProject;
			attributes = {
				BuildIndependentTargetsInParallel = 1;
				LastSwiftUpdateCheck = 1320;
				LastUpgradeCheck = 1320;
				TargetAttributes = {
					534C15F52785B5D000A24E74 = {
						CreatedOnToolsVersion = 13.2.1;
					};
				};
			};
			buildConfigurationList = 534C15F12785B5D000A24E74 /* Build configuration list for PBXProject "FirstApp" */;
			compatibilityVersion = "Xcode 13.0";
			developmentRegion = en;
			hasScannedForEncodings = 0;
			knownRegions = (
				en,
				Base,
			);
			mainGroup = 534C15ED2785B5D000A24E74;
			productRefGroup = 534C15F72785B5D000A24E74 /* Products */;
			projectDirPath = "";
			projectRoot = "";
			targets = (
				534C15F52785B5D000A24E74 /* FirstApp */,
			);
		};
/* End PBXProject section */

/* Begin PBXResourcesBuildPhase section */
		534C15F42785B5D000A24E74 /* Resources */ = {
			isa = PBXResourcesBuildPhase;
			buildActionMask = 2147483647;
			files = (
				537CE1DC27A0344F00E70D1B /* LikeCounterView.xib in Resources */,
				534C16062785B5D100A24E74 /* LaunchScreen.storyboard in Resources */,
				5374FBD4279959D500EAE423 /* FriendsListTableViewCell.xib in Resources */,
				534C16032785B5D100A24E74 /* Assets.xcassets in Resources */,
				534C16012785B5D000A24E74 /* Main.storyboard in Resources */,
				5374FBE2279AC01200EAE423 /* CommunitiesListTableViewCell.xib in Resources */,
				537CE1E727AB27C200E70D1B /* NewsTableViewCell.xib in Resources */,
				5374FBEE279B3DEC00EAE423 /* PhotosGaleryCollectionViewCell.xib in Resources */,
			);
			runOnlyForDeploymentPostprocessing = 0;
		};
/* End PBXResourcesBuildPhase section */

/* Begin PBXSourcesBuildPhase section */
		534C15F22785B5D000A24E74 /* Sources */ = {
			isa = PBXSourcesBuildPhase;
			buildActionMask = 2147483647;
			files = (
				537CE1E927ABE9BD00E70D1B /* NewsModel.swift in Sources */,
				537CE1E027A3C01A00E70D1B /* ShadowView.swift in Sources */,
				537CE1DA27A0343D00E70D1B /* LikeCounterView.swift in Sources */,
				537CE1E627AB27C200E70D1B /* NewsTableViewCell.swift in Sources */,
				537CE1CF279E8DAC00E70D1B /* AllCommunitiesViewController.swift in Sources */,
				5374FBF0279B3E5A00EAE423 /* PhotosGaleryCollectionModel.swift in Sources */,
				534C15FE2785B5D000A24E74 /* ViewController.swift in Sources */,
				5374FBDA2799AB3800EAE423 /* CommunitiesListTableViewController.swift in Sources */,
				537CE1EB27AC6F6800E70D1B /* LikeControl.swift in Sources */,
				534C15FA2785B5D000A24E74 /* AppDelegate.swift in Sources */,
				537CE1E227AB24DC00E70D1B /* NewsViewController.swift in Sources */,
				537CE1D1279EAE7B00E70D1B /* Constants.swift in Sources */,
				5374FBD02799517200EAE423 /* FriendsListTableViewController.swift in Sources */,
				5374FBD3279959D500EAE423 /* FriendsListTableViewCell.swift in Sources */,
				5374FBD727995BBB00EAE423 /* FriendsListCellModel.swift in Sources */,
				5374FBE1279AC01200EAE423 /* CommunitiesListTableViewCell.swift in Sources */,
				53E28A3F2785BD10009AE51E /* ImageVkLogoInitial.swift in Sources */,
				5374FBEA279AF09300EAE423 /* PhotosGaleryCollectionViewController.swift in Sources */,
				537CE1DE27A2C0BF00E70D1B /* LoginViewController.swift in Sources */,
				534C15FC2785B5D000A24E74 /* SceneDelegate.swift in Sources */,
				5374FBE4279AC06400EAE423 /* CommunitiesListModel.swift in Sources */,
				5374FBED279B3DEC00EAE423 /* PhotosGaleryCollectionViewCell.swift in Sources */,
			);
			runOnlyForDeploymentPostprocessing = 0;
		};
/* End PBXSourcesBuildPhase section */

/* Begin PBXVariantGroup section */
		534C15FF2785B5D000A24E74 /* Main.storyboard */ = {
			isa = PBXVariantGroup;
			children = (
				534C16002785B5D000A24E74 /* Base */,
			);
			name = Main.storyboard;
			sourceTree = "<group>";
		};
		534C16042785B5D100A24E74 /* LaunchScreen.storyboard */ = {
			isa = PBXVariantGroup;
			children = (
				534C16052785B5D100A24E74 /* Base */,
			);
			name = LaunchScreen.storyboard;
			sourceTree = "<group>";
		};
/* End PBXVariantGroup section */

/* Begin XCBuildConfiguration section */
		534C16082785B5D100A24E74 /* Debug */ = {
			isa = XCBuildConfiguration;
			buildSettings = {
				ALWAYS_SEARCH_USER_PATHS = NO;
				CLANG_ANALYZER_NONNULL = YES;
				CLANG_ANALYZER_NUMBER_OBJECT_CONVERSION = YES_AGGRESSIVE;
				CLANG_CXX_LANGUAGE_STANDARD = "gnu++17";
				CLANG_CXX_LIBRARY = "libc++";
				CLANG_ENABLE_MODULES = YES;
				CLANG_ENABLE_OBJC_ARC = YES;
				CLANG_ENABLE_OBJC_WEAK = YES;
				CLANG_WARN_BLOCK_CAPTURE_AUTORELEASING = YES;
				CLANG_WARN_BOOL_CONVERSION = YES;
				CLANG_WARN_COMMA = YES;
				CLANG_WARN_CONSTANT_CONVERSION = YES;
				CLANG_WARN_DEPRECATED_OBJC_IMPLEMENTATIONS = YES;
				CLANG_WARN_DIRECT_OBJC_ISA_USAGE = YES_ERROR;
				CLANG_WARN_DOCUMENTATION_COMMENTS = YES;
				CLANG_WARN_EMPTY_BODY = YES;
				CLANG_WARN_ENUM_CONVERSION = YES;
				CLANG_WARN_INFINITE_RECURSION = YES;
				CLANG_WARN_INT_CONVERSION = YES;
				CLANG_WARN_NON_LITERAL_NULL_CONVERSION = YES;
				CLANG_WARN_OBJC_IMPLICIT_RETAIN_SELF = YES;
				CLANG_WARN_OBJC_LITERAL_CONVERSION = YES;
				CLANG_WARN_OBJC_ROOT_CLASS = YES_ERROR;
				CLANG_WARN_QUOTED_INCLUDE_IN_FRAMEWORK_HEADER = YES;
				CLANG_WARN_RANGE_LOOP_ANALYSIS = YES;
				CLANG_WARN_STRICT_PROTOTYPES = YES;
				CLANG_WARN_SUSPICIOUS_MOVE = YES;
				CLANG_WARN_UNGUARDED_AVAILABILITY = YES_AGGRESSIVE;
				CLANG_WARN_UNREACHABLE_CODE = YES;
				CLANG_WARN__DUPLICATE_METHOD_MATCH = YES;
				COPY_PHASE_STRIP = NO;
				DEBUG_INFORMATION_FORMAT = dwarf;
				ENABLE_STRICT_OBJC_MSGSEND = YES;
				ENABLE_TESTABILITY = YES;
				GCC_C_LANGUAGE_STANDARD = gnu11;
				GCC_DYNAMIC_NO_PIC = NO;
				GCC_NO_COMMON_BLOCKS = YES;
				GCC_OPTIMIZATION_LEVEL = 0;
				GCC_PREPROCESSOR_DEFINITIONS = (
					"DEBUG=1",
					"$(inherited)",
				);
				GCC_WARN_64_TO_32_BIT_CONVERSION = YES;
				GCC_WARN_ABOUT_RETURN_TYPE = YES_ERROR;
				GCC_WARN_UNDECLARED_SELECTOR = YES;
				GCC_WARN_UNINITIALIZED_AUTOS = YES_AGGRESSIVE;
				GCC_WARN_UNUSED_FUNCTION = YES;
				GCC_WARN_UNUSED_VARIABLE = YES;
				IPHONEOS_DEPLOYMENT_TARGET = 15.2;
				MTL_ENABLE_DEBUG_INFO = INCLUDE_SOURCE;
				MTL_FAST_MATH = YES;
				ONLY_ACTIVE_ARCH = YES;
				SDKROOT = iphoneos;
				SWIFT_ACTIVE_COMPILATION_CONDITIONS = DEBUG;
				SWIFT_OPTIMIZATION_LEVEL = "-Onone";
			};
			name = Debug;
		};
		534C16092785B5D100A24E74 /* Release */ = {
			isa = XCBuildConfiguration;
			buildSettings = {
				ALWAYS_SEARCH_USER_PATHS = NO;
				CLANG_ANALYZER_NONNULL = YES;
				CLANG_ANALYZER_NUMBER_OBJECT_CONVERSION = YES_AGGRESSIVE;
				CLANG_CXX_LANGUAGE_STANDARD = "gnu++17";
				CLANG_CXX_LIBRARY = "libc++";
				CLANG_ENABLE_MODULES = YES;
				CLANG_ENABLE_OBJC_ARC = YES;
				CLANG_ENABLE_OBJC_WEAK = YES;
				CLANG_WARN_BLOCK_CAPTURE_AUTORELEASING = YES;
				CLANG_WARN_BOOL_CONVERSION = YES;
				CLANG_WARN_COMMA = YES;
				CLANG_WARN_CONSTANT_CONVERSION = YES;
				CLANG_WARN_DEPRECATED_OBJC_IMPLEMENTATIONS = YES;
				CLANG_WARN_DIRECT_OBJC_ISA_USAGE = YES_ERROR;
				CLANG_WARN_DOCUMENTATION_COMMENTS = YES;
				CLANG_WARN_EMPTY_BODY = YES;
				CLANG_WARN_ENUM_CONVERSION = YES;
				CLANG_WARN_INFINITE_RECURSION = YES;
				CLANG_WARN_INT_CONVERSION = YES;
				CLANG_WARN_NON_LITERAL_NULL_CONVERSION = YES;
				CLANG_WARN_OBJC_IMPLICIT_RETAIN_SELF = YES;
				CLANG_WARN_OBJC_LITERAL_CONVERSION = YES;
				CLANG_WARN_OBJC_ROOT_CLASS = YES_ERROR;
				CLANG_WARN_QUOTED_INCLUDE_IN_FRAMEWORK_HEADER = YES;
				CLANG_WARN_RANGE_LOOP_ANALYSIS = YES;
				CLANG_WARN_STRICT_PROTOTYPES = YES;
				CLANG_WARN_SUSPICIOUS_MOVE = YES;
				CLANG_WARN_UNGUARDED_AVAILABILITY = YES_AGGRESSIVE;
				CLANG_WARN_UNREACHABLE_CODE = YES;
				CLANG_WARN__DUPLICATE_METHOD_MATCH = YES;
				COPY_PHASE_STRIP = NO;
				DEBUG_INFORMATION_FORMAT = "dwarf-with-dsym";
				ENABLE_NS_ASSERTIONS = NO;
				ENABLE_STRICT_OBJC_MSGSEND = YES;
				GCC_C_LANGUAGE_STANDARD = gnu11;
				GCC_NO_COMMON_BLOCKS = YES;
				GCC_WARN_64_TO_32_BIT_CONVERSION = YES;
				GCC_WARN_ABOUT_RETURN_TYPE = YES_ERROR;
				GCC_WARN_UNDECLARED_SELECTOR = YES;
				GCC_WARN_UNINITIALIZED_AUTOS = YES_AGGRESSIVE;
				GCC_WARN_UNUSED_FUNCTION = YES;
				GCC_WARN_UNUSED_VARIABLE = YES;
				IPHONEOS_DEPLOYMENT_TARGET = 15.2;
				MTL_ENABLE_DEBUG_INFO = NO;
				MTL_FAST_MATH = YES;
				SDKROOT = iphoneos;
				SWIFT_COMPILATION_MODE = wholemodule;
				SWIFT_OPTIMIZATION_LEVEL = "-O";
				VALIDATE_PRODUCT = YES;
			};
			name = Release;
		};
		534C160B2785B5D100A24E74 /* Debug */ = {
			isa = XCBuildConfiguration;
			buildSettings = {
				ASSETCATALOG_COMPILER_APPICON_NAME = AppIcon;
				ASSETCATALOG_COMPILER_GLOBAL_ACCENT_COLOR_NAME = AccentColor;
				CODE_SIGN_STYLE = Automatic;
				CURRENT_PROJECT_VERSION = 1;
				GENERATE_INFOPLIST_FILE = YES;
				INFOPLIST_FILE = FirstApp/Info.plist;
				INFOPLIST_KEY_UIApplicationSupportsIndirectInputEvents = YES;
				INFOPLIST_KEY_UILaunchStoryboardName = LaunchScreen;
				INFOPLIST_KEY_UIMainStoryboardFile = Main;
				INFOPLIST_KEY_UISupportedInterfaceOrientations_iPad = "UIInterfaceOrientationPortrait UIInterfaceOrientationPortraitUpsideDown UIInterfaceOrientationLandscapeLeft UIInterfaceOrientationLandscapeRight";
				INFOPLIST_KEY_UISupportedInterfaceOrientations_iPhone = "UIInterfaceOrientationPortrait UIInterfaceOrientationLandscapeLeft UIInterfaceOrientationLandscapeRight";
				LD_RUNPATH_SEARCH_PATHS = (
					"$(inherited)",
					"@executable_path/Frameworks",
				);
				MARKETING_VERSION = 1.0;
				PRODUCT_BUNDLE_IDENTIFIER = UJIN.FirstApp;
				PRODUCT_NAME = "$(TARGET_NAME)";
				SWIFT_EMIT_LOC_STRINGS = YES;
				SWIFT_VERSION = 5.0;
				TARGETED_DEVICE_FAMILY = "1,2";
			};
			name = Debug;
		};
		534C160C2785B5D100A24E74 /* Release */ = {
			isa = XCBuildConfiguration;
			buildSettings = {
				ASSETCATALOG_COMPILER_APPICON_NAME = AppIcon;
				ASSETCATALOG_COMPILER_GLOBAL_ACCENT_COLOR_NAME = AccentColor;
				CODE_SIGN_STYLE = Automatic;
				CURRENT_PROJECT_VERSION = 1;
				GENERATE_INFOPLIST_FILE = YES;
				INFOPLIST_FILE = FirstApp/Info.plist;
				INFOPLIST_KEY_UIApplicationSupportsIndirectInputEvents = YES;
				INFOPLIST_KEY_UILaunchStoryboardName = LaunchScreen;
				INFOPLIST_KEY_UIMainStoryboardFile = Main;
				INFOPLIST_KEY_UISupportedInterfaceOrientations_iPad = "UIInterfaceOrientationPortrait UIInterfaceOrientationPortraitUpsideDown UIInterfaceOrientationLandscapeLeft UIInterfaceOrientationLandscapeRight";
				INFOPLIST_KEY_UISupportedInterfaceOrientations_iPhone = "UIInterfaceOrientationPortrait UIInterfaceOrientationLandscapeLeft UIInterfaceOrientationLandscapeRight";
				LD_RUNPATH_SEARCH_PATHS = (
					"$(inherited)",
					"@executable_path/Frameworks",
				);
				MARKETING_VERSION = 1.0;
				PRODUCT_BUNDLE_IDENTIFIER = UJIN.FirstApp;
				PRODUCT_NAME = "$(TARGET_NAME)";
				SWIFT_EMIT_LOC_STRINGS = YES;
				SWIFT_VERSION = 5.0;
				TARGETED_DEVICE_FAMILY = "1,2";
			};
			name = Release;
		};
/* End XCBuildConfiguration section */

/* Begin XCConfigurationList section */
		534C15F12785B5D000A24E74 /* Build configuration list for PBXProject "FirstApp" */ = {
			isa = XCConfigurationList;
			buildConfigurations = (
				534C16082785B5D100A24E74 /* Debug */,
				534C16092785B5D100A24E74 /* Release */,
			);
			defaultConfigurationIsVisible = 0;
			defaultConfigurationName = Release;
		};
		534C160A2785B5D100A24E74 /* Build configuration list for PBXNativeTarget "FirstApp" */ = {
			isa = XCConfigurationList;
			buildConfigurations = (
				534C160B2785B5D100A24E74 /* Debug */,
				534C160C2785B5D100A24E74 /* Release */,
			);
			defaultConfigurationIsVisible = 0;
			defaultConfigurationName = Release;
		};
/* End XCConfigurationList section */
	};
	rootObject = 534C15EE2785B5D000A24E74 /* Project object */;
}
